
Microsoft Visual Studio Solution File, Format Version 12.00
# Visual Studio Version 17
VisualStudioVersion = 17.13.35828.75 d17.13
MinimumVisualStudioVersion = 10.0.40219.1
Project("{FAE04EC0-301F-11D3-BF4B-00C04F79EFBC}") = "Waccy", "Waccy.csproj", "{73FEFEF7-FFB5-4EDA-AAFD-3375DFAE5581}"
EndProject
Global
	GlobalSection(SolutionConfigurationPlatforms) = preSolution
		Debug|Any CPU = Debug|Any CPU
		Release|Any CPU = Release|Any CPU
	EndGlobalSection
	GlobalSection(ProjectConfigurationPlatforms) = postSolution
		{73FEFEF7-FFB5-4EDA-AAFD-3375DFAE5581}.Debug|Any CPU.ActiveCfg = Debug|Any CPU
		{73FEFEF7-FFB5-4EDA-AAFD-3375DFAE5581}.Debug|Any CPU.Build.0 = Debug|Any CPU
		{73FEFEF7-FFB5-4EDA-AAFD-3375DFAE5581}.Release|Any CPU.ActiveCfg = Release|Any CPU
		{73FEFEF7-FFB5-4EDA-AAFD-3375DFAE5581}.Release|Any CPU.Build.0 = Release|Any CPU
	EndGlobalSection
	GlobalSection(SolutionProperties) = preSolution
		HideSolutionNode = FALSE
	EndGlobalSection
	GlobalSection(ExtensibilityGlobals) = postSolution
		SolutionGuid = {3B7E8849-DA81-48DB-A16F-479917314194}
	EndGlobalSection
EndGlobal
